
Microsoft Visual Studio Solution File, Format Version 12.00
# Visual Studio Version 17
VisualStudioVersion = 17.5.33502.453
MinimumVisualStudioVersion = 10.0.40219.1
Project("{FAE04EC0-301F-11D3-BF4B-00C04F79EFBC}") = "API tries2", "API tries2\API tries2.csproj", "{04ED79C0-BA5C-4C01-92D5-20D3FC2DC47C}"
EndProject
Global
	GlobalSection(SolutionConfigurationPlatforms) = preSolution
		Debug|Any CPU = Debug|Any CPU
		Release|Any CPU = Release|Any CPU
	EndGlobalSection
	GlobalSection(ProjectConfigurationPlatforms) = postSolution
		{04ED79C0-BA5C-4C01-92D5-20D3FC2DC47C}.Debug|Any CPU.ActiveCfg = Debug|Any CPU
		{04ED79C0-BA5C-4C01-92D5-20D3FC2DC47C}.Debug|Any CPU.Build.0 = Debug|Any CPU
		{04ED79C0-BA5C-4C01-92D5-20D3FC2DC47C}.Release|Any CPU.ActiveCfg = Release|Any CPU
		{04ED79C0-BA5C-4C01-92D5-20D3FC2DC47C}.Release|Any CPU.Build.0 = Release|Any CPU
	EndGlobalSection
	GlobalSection(SolutionProperties) = preSolution
		HideSolutionNode = FALSE
	EndGlobalSection
	GlobalSection(ExtensibilityGlobals) = postSolution
		SolutionGuid = {CC3FC2E2-144D-4F7B-BFE8-854C2CE567AF}
	EndGlobalSection
EndGlobal
